
Microsoft Visual Studio Solution File, Format Version 12.00
# Visual Studio Version 16
VisualStudioVersion = 16.0.28729.10
MinimumVisualStudioVersion = 10.0.40219.1
Project("{8BC9CEB8-8B4A-11D0-8D11-00A0C91BC942}") = "Sandbox", "Sandbox\Sandbox.vcxproj", "{20023FE4-3669-4790-8B59-CCAD26A65BDD}"
EndProject
Project("{8BC9CEB8-8B4A-11D0-8D11-00A0C91BC942}") = "Hazel", "Hazel\Hazel.vcxproj", "{A94E3922-815E-4244-9EB4-BB6594D45508}"
EndProject
Global
	GlobalSection(SolutionConfigurationPlatforms) = preSolution
		Debug|x64 = Debug|x64
		Release|x64 = Release|x64
	EndGlobalSection
	GlobalSection(ProjectConfigurationPlatforms) = postSolution
		{A94E3922-815E-4244-9EB4-BB6594D45508}.Debug|x64.ActiveCfg = Debug|x64
		{A94E3922-815E-4244-9EB4-BB6594D45508}.Debug|x64.Build.0 = Debug|x64
		{A94E3922-815E-4244-9EB4-BB6594D45508}.Release|x64.ActiveCfg = Release|x64
		{A94E3922-815E-4244-9EB4-BB6594D45508}.Release|x64.Build.0 = Release|x64
		{20023FE4-3669-4790-8B59-CCAD26A65BDD}.Debug|x64.ActiveCfg = Debug|x64
		{20023FE4-3669-4790-8B59-CCAD26A65BDD}.Debug|x64.Build.0 = Debug|x64
		{20023FE4-3669-4790-8B59-CCAD26A65BDD}.Release|x64.ActiveCfg = Release|x64
		{20023FE4-3669-4790-8B59-CCAD26A65BDD}.Release|x64.Build.0 = Release|x64
	EndGlobalSection
	GlobalSection(SolutionProperties) = preSolution
		HideSolutionNode = FALSE
	EndGlobalSection
	GlobalSection(ExtensibilityGlobals) = postSolution
		SolutionGuid = {7F997822-0CB7-4F9F-9BCA-F83253A5B2FB}
	EndGlobalSection
EndGlobal
